// !$*UTF8*$!
{
	archiveVersion = 1;
	classes = {
	};
	objectVersion = 46;
	objects = {

/* Begin PBXBuildFile section */
		05370116199A993C0000B655 /* RFMMainMenuViewController.m in Sources */ = {isa = PBXBuildFile; fileRef = 05370114199A993C0000B655 /* RFMMainMenuViewController.m */; };
		05370117199A993C0000B655 /* RFMMainMenuViewController.xib in Resources */ = {isa = PBXBuildFile; fileRef = 05370115199A993C0000B655 /* RFMMainMenuViewController.xib */; };
		0537011A199AAC730000B655 /* Ballwelt.png in Resources */ = {isa = PBXBuildFile; fileRef = 05370119199AAC730000B655 /* Ballwelt.png */; };
		0537011E199ADEDA0000B655 /* facebook_logo.png in Resources */ = {isa = PBXBuildFile; fileRef = 0537011C199ADED90000B655 /* facebook_logo.png */; };
		0537011F199ADEDA0000B655 /* twitter_logo.png in Resources */ = {isa = PBXBuildFile; fileRef = 0537011D199ADED90000B655 /* twitter_logo.png */; };
		05370122199AF5C20000B655 /* iAd.framework in Frameworks */ = {isa = PBXBuildFile; fileRef = 05370120199AEC950000B655 /* iAd.framework */; };
		053BCDF11998B0A200E2631E /* RFMTimeBarView.m in Sources */ = {isa = PBXBuildFile; fileRef = 053BCDF01998B0A200E2631E /* RFMTimeBarView.m */; };
		053BCDF71999305500E2631E /* RFMGameTimeBarView.m in Sources */ = {isa = PBXBuildFile; fileRef = 053BCDF61999305500E2631E /* RFMGameTimeBarView.m */; };
		053BCDFA199930F000E2631E /* RFMNewBallTimeBarView.m in Sources */ = {isa = PBXBuildFile; fileRef = 053BCDF9199930F000E2631E /* RFMNewBallTimeBarView.m */; };
		053BCDFE1999586B00E2631E /* RFMSystemSounds.m in Sources */ = {isa = PBXBuildFile; fileRef = 053BCDFD1999586B00E2631E /* RFMSystemSounds.m */; };
		053BCE0219995C4700E2631E /* wrongBall.wav in Resources */ = {isa = PBXBuildFile; fileRef = 053BCE0119995C4700E2631E /* wrongBall.wav */; };
		053BCE041999663D00E2631E /* pop1.wav in Resources */ = {isa = PBXBuildFile; fileRef = 053BCE031999663D00E2631E /* pop1.wav */; };
		053BCE091999807D00E2631E /* RFMPauseMenuViewController.m in Sources */ = {isa = PBXBuildFile; fileRef = 053BCE071999807D00E2631E /* RFMPauseMenuViewController.m */; };
		053BCE0A1999807D00E2631E /* RFMPauseMenuViewController.xib in Resources */ = {isa = PBXBuildFile; fileRef = 053BCE081999807D00E2631E /* RFMPauseMenuViewController.xib */; };
		054B94F619A0213A00741887 /* RFMTutorialScreenViewController.m in Sources */ = {isa = PBXBuildFile; fileRef = 054B94F419A0213A00741887 /* RFMTutorialScreenViewController.m */; };
		054B94FB19A0228900741887 /* RFMTutorialViewController.m in Sources */ = {isa = PBXBuildFile; fileRef = 054B94FA19A0228900741887 /* RFMTutorialViewController.m */; };
		054F712019AF2FFE0040F043 /* RFMButtonView.m in Sources */ = {isa = PBXBuildFile; fileRef = 054F711F19AF2FFE0040F043 /* RFMButtonView.m */; };
		056623A0199BCDD80020B35C /* backGroundPlayScreen.png in Resources */ = {isa = PBXBuildFile; fileRef = 0566239F199BCDD80020B35C /* backGroundPlayScreen.png */; };
		0579E05F19A3887E0000A640 /* RFMTutorialScreenModel.m in Sources */ = {isa = PBXBuildFile; fileRef = 0579E05E19A3887E0000A640 /* RFMTutorialScreenModel.m */; };
		0579E06719A392620000A640 /* tutorial1.png in Resources */ = {isa = PBXBuildFile; fileRef = 0579E06119A392620000A640 /* tutorial1.png */; };
		0579E06819A392620000A640 /* tutorial2.png in Resources */ = {isa = PBXBuildFile; fileRef = 0579E06219A392620000A640 /* tutorial2.png */; };
		0579E06919A392620000A640 /* tutorial3.png in Resources */ = {isa = PBXBuildFile; fileRef = 0579E06319A392620000A640 /* tutorial3.png */; };
		0579E06A19A392620000A640 /* tutorial4.png in Resources */ = {isa = PBXBuildFile; fileRef = 0579E06419A392620000A640 /* tutorial4.png */; };
		0579E06B19A392620000A640 /* tutorial5.png in Resources */ = {isa = PBXBuildFile; fileRef = 0579E06519A392620000A640 /* tutorial5.png */; };
		0579E06C19A392620000A640 /* tutorial6.png in Resources */ = {isa = PBXBuildFile; fileRef = 0579E06619A392620000A640 /* tutorial6.png */; };
		0579E06F19A394710000A640 /* RFMTutorialModel.m in Sources */ = {isa = PBXBuildFile; fileRef = 0579E06E19A394710000A640 /* RFMTutorialModel.m */; };
		0579E07519A3A4E30000A640 /* Localizable.strings in Resources */ = {isa = PBXBuildFile; fileRef = 0579E07419A3A4E30000A640 /* Localizable.strings */; };
		058D8EAF199E0775006CB9B3 /* RFMPowerupView.m in Sources */ = {isa = PBXBuildFile; fileRef = 058D8EAE199E0775006CB9B3 /* RFMPowerupView.m */; };
		058D8EB3199E21C5006CB9B3 /* power1.png in Resources */ = {isa = PBXBuildFile; fileRef = 058D8EB0199E21C5006CB9B3 /* power1.png */; };
		058D8EB4199E21C5006CB9B3 /* power2.png in Resources */ = {isa = PBXBuildFile; fileRef = 058D8EB1199E21C5006CB9B3 /* power2.png */; };
		058D8EB5199E21C5006CB9B3 /* power3.png in Resources */ = {isa = PBXBuildFile; fileRef = 058D8EB2199E21C5006CB9B3 /* power3.png */; };
		05AA5B43199CC45700ACED98 /* RFMGameModel.m in Sources */ = {isa = PBXBuildFile; fileRef = 05AA5B42199CC45700ACED98 /* RFMGameModel.m */; };
		05AA5B46199D990F00ACED98 /* RFMAnimatedLabel.m in Sources */ = {isa = PBXBuildFile; fileRef = 05AA5B45199D990F00ACED98 /* RFMAnimatedLabel.m */; };
		05AAA07219A635FA00018A4D /* userData.plist in Resources */ = {isa = PBXBuildFile; fileRef = 05AAA07119A635FA00018A4D /* userData.plist */; };
		05AAA07519A637ED00018A4D /* RFMUserModel.m in Sources */ = {isa = PBXBuildFile; fileRef = 05AAA07419A637ED00018A4D /* RFMUserModel.m */; };
		05B605C519A3F6E9008F6706 /* RFMTutorialScreenViewController.xib in Resources */ = {isa = PBXBuildFile; fileRef = 05B605C419A3F6E9008F6706 /* RFMTutorialScreenViewController.xib */; };
		05B605C919A3FD9E008F6706 /* RFMRankingViewController.m in Sources */ = {isa = PBXBuildFile; fileRef = 05B605C719A3FD9E008F6706 /* RFMRankingViewController.m */; };
		05B605CA19A3FD9E008F6706 /* RFMRankingViewController.xib in Resources */ = {isa = PBXBuildFile; fileRef = 05B605C819A3FD9E008F6706 /* RFMRankingViewController.xib */; };
		05B605D019A40763008F6706 /* RFMPlayerModel.m in Sources */ = {isa = PBXBuildFile; fileRef = 05B605CF19A40763008F6706 /* RFMPlayerModel.m */; };
		05B605D319A41035008F6706 /* RFMRanking.m in Sources */ = {isa = PBXBuildFile; fileRef = 05B605D219A41035008F6706 /* RFMRanking.m */; };
		05B605D719A50FE9008F6706 /* RFMRankingTableViewCell.m in Sources */ = {isa = PBXBuildFile; fileRef = 05B605D519A50FE9008F6706 /* RFMRankingTableViewCell.m */; };
		05B605D819A50FE9008F6706 /* RFMRankingTableViewCell.xib in Resources */ = {isa = PBXBuildFile; fileRef = 05B605D619A50FE9008F6706 /* RFMRankingTableViewCell.xib */; };
		05BD9C3E19951E7F003F7A1A /* Foundation.framework in Frameworks */ = {isa = PBXBuildFile; fileRef = 05BD9C3D19951E7F003F7A1A /* Foundation.framework */; };
		05BD9C4019951E7F003F7A1A /* CoreGraphics.framework in Frameworks */ = {isa = PBXBuildFile; fileRef = 05BD9C3F19951E7F003F7A1A /* CoreGraphics.framework */; };
		05BD9C4219951E7F003F7A1A /* UIKit.framework in Frameworks */ = {isa = PBXBuildFile; fileRef = 05BD9C4119951E7F003F7A1A /* UIKit.framework */; };
		05BD9C4819951E7F003F7A1A /* InfoPlist.strings in Resources */ = {isa = PBXBuildFile; fileRef = 05BD9C4619951E7F003F7A1A /* InfoPlist.strings */; };
		05BD9C4A19951E7F003F7A1A /* main.m in Sources */ = {isa = PBXBuildFile; fileRef = 05BD9C4919951E7F003F7A1A /* main.m */; };
		05BD9C4E19951E7F003F7A1A /* RFMAppDelegate.m in Sources */ = {isa = PBXBuildFile; fileRef = 05BD9C4D19951E7F003F7A1A /* RFMAppDelegate.m */; };
		05BD9C5019951E7F003F7A1A /* Images.xcassets in Resources */ = {isa = PBXBuildFile; fileRef = 05BD9C4F19951E7F003F7A1A /* Images.xcassets */; };
		05BD9C5719951E7F003F7A1A /* XCTest.framework in Frameworks */ = {isa = PBXBuildFile; fileRef = 05BD9C5619951E7F003F7A1A /* XCTest.framework */; };
		05BD9C5819951E7F003F7A1A /* Foundation.framework in Frameworks */ = {isa = PBXBuildFile; fileRef = 05BD9C3D19951E7F003F7A1A /* Foundation.framework */; };
		05BD9C5919951E7F003F7A1A /* UIKit.framework in Frameworks */ = {isa = PBXBuildFile; fileRef = 05BD9C4119951E7F003F7A1A /* UIKit.framework */; };
		05BD9C6119951E7F003F7A1A /* InfoPlist.strings in Resources */ = {isa = PBXBuildFile; fileRef = 05BD9C5F19951E7F003F7A1A /* InfoPlist.strings */; };
		05BD9C6319951E7F003F7A1A /* Ballwelt2_0Tests.m in Sources */ = {isa = PBXBuildFile; fileRef = 05BD9C6219951E7F003F7A1A /* Ballwelt2_0Tests.m */; };
		05BD9C7019951EAA003F7A1A /* RFMGameViewController.m in Sources */ = {isa = PBXBuildFile; fileRef = 05BD9C6E19951EAA003F7A1A /* RFMGameViewController.m */; };
		05BD9C7119951EAA003F7A1A /* RFMGameViewController.xib in Resources */ = {isa = PBXBuildFile; fileRef = 05BD9C6F19951EAA003F7A1A /* RFMGameViewController.xib */; };
		05BD9C7519951F1F003F7A1A /* RFMBallView.m in Sources */ = {isa = PBXBuildFile; fileRef = 05BD9C7419951F1F003F7A1A /* RFMBallView.m */; };
		05C5159019ADF4A200EA1E35 /* freeze.wav in Resources */ = {isa = PBXBuildFile; fileRef = 05C5158F19ADF4A200EA1E35 /* freeze.wav */; };
		05C5159B19ADF61400EA1E35 /* pop9.wav in Resources */ = {isa = PBXBuildFile; fileRef = 05C5159319ADF61400EA1E35 /* pop9.wav */; };
		05C5159C19ADF61400EA1E35 /* pop8.wav in Resources */ = {isa = PBXBuildFile; fileRef = 05C5159419ADF61400EA1E35 /* pop8.wav */; };
		05C5159D19ADF61400EA1E35 /* pop7.wav in Resources */ = {isa = PBXBuildFile; fileRef = 05C5159519ADF61400EA1E35 /* pop7.wav */; };
		05C5159E19ADF61400EA1E35 /* pop6.wav in Resources */ = {isa = PBXBuildFile; fileRef = 05C5159619ADF61400EA1E35 /* pop6.wav */; };
		05C5159F19ADF61400EA1E35 /* pop5.wav in Resources */ = {isa = PBXBuildFile; fileRef = 05C5159719ADF61400EA1E35 /* pop5.wav */; };
		05C515A019ADF61400EA1E35 /* pop4.wav in Resources */ = {isa = PBXBuildFile; fileRef = 05C5159819ADF61400EA1E35 /* pop4.wav */; };
		05C515A119ADF61400EA1E35 /* pop2.wav in Resources */ = {isa = PBXBuildFile; fileRef = 05C5159919ADF61400EA1E35 /* pop2.wav */; };
		05C515A219ADF61400EA1E35 /* pop3.wav in Resources */ = {isa = PBXBuildFile; fileRef = 05C5159A19ADF61400EA1E35 /* pop3.wav */; };
		05C515A419ADF8B200EA1E35 /* pause.wav in Resources */ = {isa = PBXBuildFile; fileRef = 05C515A319ADF8B200EA1E35 /* pause.wav */; };
		05C515A619ADF9EE00EA1E35 /* destroyAllBalls.wav in Resources */ = {isa = PBXBuildFile; fileRef = 05C515A519ADF9EE00EA1E35 /* destroyAllBalls.wav */; };
		05C515A819AE2E1200EA1E35 /* alertPop.wav in Resources */ = {isa = PBXBuildFile; fileRef = 05C515A719AE2E1200EA1E35 /* alertPop.wav */; };
		05C515AA19AE2F9E00EA1E35 /* tutorialPage.wav in Resources */ = {isa = PBXBuildFile; fileRef = 05C515A919AE2F9E00EA1E35 /* tutorialPage.wav */; };
		05C515AC19AE310D00EA1E35 /* closeView.wav in Resources */ = {isa = PBXBuildFile; fileRef = 05C515AB19AE310D00EA1E35 /* closeView.wav */; };
		05C515AE19AE347E00EA1E35 /* backGroundMainMenu.png in Resources */ = {isa = PBXBuildFile; fileRef = 05C515AD19AE347E00EA1E35 /* backGroundMainMenu.png */; };
		05C515B319AE369900EA1E35 /* pop13.wav in Resources */ = {isa = PBXBuildFile; fileRef = 05C515AF19AE369900EA1E35 /* pop13.wav */; };
		05C515B419AE369900EA1E35 /* pop12.wav in Resources */ = {isa = PBXBuildFile; fileRef = 05C515B019AE369900EA1E35 /* pop12.wav */; };
		05C515B519AE369900EA1E35 /* pop11.wav in Resources */ = {isa = PBXBuildFile; fileRef = 05C515B119AE369900EA1E35 /* pop11.wav */; };
		05C515B619AE369900EA1E35 /* pop10.wav in Resources */ = {isa = PBXBuildFile; fileRef = 05C515B219AE369900EA1E35 /* pop10.wav */; };
		05C946C119A7531D0022E298 /* menuSelection.wav in Resources */ = {isa = PBXBuildFile; fileRef = 05C946C019A7531D0022E298 /* menuSelection.wav */; };
		05EE96A319ACBE4F00F2BE24 /* go.wav in Resources */ = {isa = PBXBuildFile; fileRef = 05EE96A219ACBE4F00F2BE24 /* go.wav */; };
		05EE96A719ACD89800F2BE24 /* slow.wav in Resources */ = {isa = PBXBuildFile; fileRef = 05EE96A619ACD89800F2BE24 /* slow.wav */; };
		05EE96AB19ADCEA400F2BE24 /* countdown.wav in Resources */ = {isa = PBXBuildFile; fileRef = 05EE96A919ADCEA400F2BE24 /* countdown.wav */; };
		05EE96AD19ADD16800F2BE24 /* gameover.mp3 in Resources */ = {isa = PBXBuildFile; fileRef = 05EE96AC19ADD16800F2BE24 /* gameover.mp3 */; };
/* End PBXBuildFile section */

/* Begin PBXContainerItemProxy section */
		05BD9C5A19951E7F003F7A1A /* PBXContainerItemProxy */ = {
			isa = PBXContainerItemProxy;
			containerPortal = 05BD9C3219951E7F003F7A1A /* Project object */;
			proxyType = 1;
			remoteGlobalIDString = 05BD9C3919951E7F003F7A1A;
			remoteInfo = Ballwelt2.0;
		};
/* End PBXContainerItemProxy section */

/* Begin PBXFileReference section */
		05370113199A993C0000B655 /* RFMMainMenuViewController.h */ = {isa = PBXFileReference; fileEncoding = 4; lastKnownFileType = sourcecode.c.h; path = RFMMainMenuViewController.h; sourceTree = "<group>"; };
		05370114199A993C0000B655 /* RFMMainMenuViewController.m */ = {isa = PBXFileReference; fileEncoding = 4; lastKnownFileType = sourcecode.c.objc; path = RFMMainMenuViewController.m; sourceTree = "<group>"; };
		05370115199A993C0000B655 /* RFMMainMenuViewController.xib */ = {isa = PBXFileReference; fileEncoding = 4; lastKnownFileType = file.xib; path = RFMMainMenuViewController.xib; sourceTree = "<group>"; };
		05370119199AAC730000B655 /* Ballwelt.png */ = {isa = PBXFileReference; lastKnownFileType = image.png; path = Ballwelt.png; sourceTree = "<group>"; };
		0537011C199ADED90000B655 /* facebook_logo.png */ = {isa = PBXFileReference; lastKnownFileType = image.png; path = facebook_logo.png; sourceTree = "<group>"; };
		0537011D199ADED90000B655 /* twitter_logo.png */ = {isa = PBXFileReference; lastKnownFileType = image.png; path = twitter_logo.png; sourceTree = "<group>"; };
		05370120199AEC950000B655 /* iAd.framework */ = {isa = PBXFileReference; lastKnownFileType = wrapper.framework; name = iAd.framework; path = System/Library/Frameworks/iAd.framework; sourceTree = SDKROOT; };
		053BCDEF1998B0A200E2631E /* RFMTimeBarView.h */ = {isa = PBXFileReference; fileEncoding = 4; lastKnownFileType = sourcecode.c.h; path = RFMTimeBarView.h; sourceTree = "<group>"; };
		053BCDF01998B0A200E2631E /* RFMTimeBarView.m */ = {isa = PBXFileReference; fileEncoding = 4; lastKnownFileType = sourcecode.c.objc; path = RFMTimeBarView.m; sourceTree = "<group>"; };
		053BCDF51999305500E2631E /* RFMGameTimeBarView.h */ = {isa = PBXFileReference; fileEncoding = 4; lastKnownFileType = sourcecode.c.h; path = RFMGameTimeBarView.h; sourceTree = "<group>"; };
		053BCDF61999305500E2631E /* RFMGameTimeBarView.m */ = {isa = PBXFileReference; fileEncoding = 4; lastKnownFileType = sourcecode.c.objc; path = RFMGameTimeBarView.m; sourceTree = "<group>"; };
		053BCDF8199930F000E2631E /* RFMNewBallTimeBarView.h */ = {isa = PBXFileReference; fileEncoding = 4; lastKnownFileType = sourcecode.c.h; path = RFMNewBallTimeBarView.h; sourceTree = "<group>"; };
		053BCDF9199930F000E2631E /* RFMNewBallTimeBarView.m */ = {isa = PBXFileReference; fileEncoding = 4; lastKnownFileType = sourcecode.c.objc; path = RFMNewBallTimeBarView.m; sourceTree = "<group>"; };
		053BCDFC1999586B00E2631E /* RFMSystemSounds.h */ = {isa = PBXFileReference; fileEncoding = 4; lastKnownFileType = sourcecode.c.h; path = RFMSystemSounds.h; sourceTree = "<group>"; };
		053BCDFD1999586B00E2631E /* RFMSystemSounds.m */ = {isa = PBXFileReference; fileEncoding = 4; lastKnownFileType = sourcecode.c.objc; path = RFMSystemSounds.m; sourceTree = "<group>"; };
		053BCE0119995C4700E2631E /* wrongBall.wav */ = {isa = PBXFileReference; lastKnownFileType = audio.wav; path = wrongBall.wav; sourceTree = "<group>"; };
		053BCE031999663D00E2631E /* pop1.wav */ = {isa = PBXFileReference; lastKnownFileType = audio.wav; path = pop1.wav; sourceTree = "<group>"; };
		053BCE061999807D00E2631E /* RFMPauseMenuViewController.h */ = {isa = PBXFileReference; fileEncoding = 4; lastKnownFileType = sourcecode.c.h; path = RFMPauseMenuViewController.h; sourceTree = "<group>"; };
		053BCE071999807D00E2631E /* RFMPauseMenuViewController.m */ = {isa = PBXFileReference; fileEncoding = 4; lastKnownFileType = sourcecode.c.objc; path = RFMPauseMenuViewController.m; sourceTree = "<group>"; };
		053BCE081999807D00E2631E /* RFMPauseMenuViewController.xib */ = {isa = PBXFileReference; fileEncoding = 4; lastKnownFileType = file.xib; path = RFMPauseMenuViewController.xib; sourceTree = "<group>"; };
		054B94F319A0213A00741887 /* RFMTutorialScreenViewController.h */ = {isa = PBXFileReference; fileEncoding = 4; lastKnownFileType = sourcecode.c.h; path = RFMTutorialScreenViewController.h; sourceTree = "<group>"; };
		054B94F419A0213A00741887 /* RFMTutorialScreenViewController.m */ = {isa = PBXFileReference; fileEncoding = 4; lastKnownFileType = sourcecode.c.objc; path = RFMTutorialScreenViewController.m; sourceTree = "<group>"; };
		054B94F919A0228900741887 /* RFMTutorialViewController.h */ = {isa = PBXFileReference; fileEncoding = 4; lastKnownFileType = sourcecode.c.h; path = RFMTutorialViewController.h; sourceTree = "<group>"; };
		054B94FA19A0228900741887 /* RFMTutorialViewController.m */ = {isa = PBXFileReference; fileEncoding = 4; lastKnownFileType = sourcecode.c.objc; path = RFMTutorialViewController.m; sourceTree = "<group>"; };
		054F711E19AF2FFE0040F043 /* RFMButtonView.h */ = {isa = PBXFileReference; fileEncoding = 4; lastKnownFileType = sourcecode.c.h; path = RFMButtonView.h; sourceTree = "<group>"; };
		054F711F19AF2FFE0040F043 /* RFMButtonView.m */ = {isa = PBXFileReference; fileEncoding = 4; lastKnownFileType = sourcecode.c.objc; path = RFMButtonView.m; sourceTree = "<group>"; };
		0566239F199BCDD80020B35C /* backGroundPlayScreen.png */ = {isa = PBXFileReference; lastKnownFileType = image.png; path = backGroundPlayScreen.png; sourceTree = "<group>"; };
		0579E05D19A3887E0000A640 /* RFMTutorialScreenModel.h */ = {isa = PBXFileReference; fileEncoding = 4; lastKnownFileType = sourcecode.c.h; path = RFMTutorialScreenModel.h; sourceTree = "<group>"; };
		0579E05E19A3887E0000A640 /* RFMTutorialScreenModel.m */ = {isa = PBXFileReference; fileEncoding = 4; lastKnownFileType = sourcecode.c.objc; path = RFMTutorialScreenModel.m; sourceTree = "<group>"; };
		0579E06119A392620000A640 /* tutorial1.png */ = {isa = PBXFileReference; lastKnownFileType = image.png; path = tutorial1.png; sourceTree = "<group>"; };
		0579E06219A392620000A640 /* tutorial2.png */ = {isa = PBXFileReference; lastKnownFileType = image.png; path = tutorial2.png; sourceTree = "<group>"; };
		0579E06319A392620000A640 /* tutorial3.png */ = {isa = PBXFileReference; lastKnownFileType = image.png; path = tutorial3.png; sourceTree = "<group>"; };
		0579E06419A392620000A640 /* tutorial4.png */ = {isa = PBXFileReference; lastKnownFileType = image.png; path = tutorial4.png; sourceTree = "<group>"; };
		0579E06519A392620000A640 /* tutorial5.png */ = {isa = PBXFileReference; lastKnownFileType = image.png; path = tutorial5.png; sourceTree = "<group>"; };
		0579E06619A392620000A640 /* tutorial6.png */ = {isa = PBXFileReference; lastKnownFileType = image.png; path = tutorial6.png; sourceTree = "<group>"; };
		0579E06D19A394710000A640 /* RFMTutorialModel.h */ = {isa = PBXFileReference; fileEncoding = 4; lastKnownFileType = sourcecode.c.h; path = RFMTutorialModel.h; sourceTree = "<group>"; };
		0579E06E19A394710000A640 /* RFMTutorialModel.m */ = {isa = PBXFileReference; fileEncoding = 4; lastKnownFileType = sourcecode.c.objc; path = RFMTutorialModel.m; sourceTree = "<group>"; };
		0579E07419A3A4E30000A640 /* Localizable.strings */ = {isa = PBXFileReference; fileEncoding = 4; lastKnownFileType = text.plist.strings; path = Localizable.strings; sourceTree = "<group>"; };
		058D8EAD199E0775006CB9B3 /* RFMPowerupView.h */ = {isa = PBXFileReference; fileEncoding = 4; lastKnownFileType = sourcecode.c.h; path = RFMPowerupView.h; sourceTree = "<group>"; };
		058D8EAE199E0775006CB9B3 /* RFMPowerupView.m */ = {isa = PBXFileReference; fileEncoding = 4; lastKnownFileType = sourcecode.c.objc; path = RFMPowerupView.m; sourceTree = "<group>"; };
		058D8EB0199E21C5006CB9B3 /* power1.png */ = {isa = PBXFileReference; lastKnownFileType = image.png; path = power1.png; sourceTree = "<group>"; };
		058D8EB1199E21C5006CB9B3 /* power2.png */ = {isa = PBXFileReference; lastKnownFileType = image.png; path = power2.png; sourceTree = "<group>"; };
		058D8EB2199E21C5006CB9B3 /* power3.png */ = {isa = PBXFileReference; lastKnownFileType = image.png; path = power3.png; sourceTree = "<group>"; };
		05AA5B41199CC45700ACED98 /* RFMGameModel.h */ = {isa = PBXFileReference; fileEncoding = 4; lastKnownFileType = sourcecode.c.h; path = RFMGameModel.h; sourceTree = "<group>"; };
		05AA5B42199CC45700ACED98 /* RFMGameModel.m */ = {isa = PBXFileReference; fileEncoding = 4; lastKnownFileType = sourcecode.c.objc; path = RFMGameModel.m; sourceTree = "<group>"; };
		05AA5B44199D990F00ACED98 /* RFMAnimatedLabel.h */ = {isa = PBXFileReference; fileEncoding = 4; lastKnownFileType = sourcecode.c.h; path = RFMAnimatedLabel.h; sourceTree = "<group>"; };
		05AA5B45199D990F00ACED98 /* RFMAnimatedLabel.m */ = {isa = PBXFileReference; fileEncoding = 4; lastKnownFileType = sourcecode.c.objc; path = RFMAnimatedLabel.m; sourceTree = "<group>"; };
		05AAA07119A635FA00018A4D /* userData.plist */ = {isa = PBXFileReference; fileEncoding = 4; lastKnownFileType = text.plist.xml; path = userData.plist; sourceTree = "<group>"; };
		05AAA07319A637ED00018A4D /* RFMUserModel.h */ = {isa = PBXFileReference; fileEncoding = 4; lastKnownFileType = sourcecode.c.h; path = RFMUserModel.h; sourceTree = "<group>"; };
		05AAA07419A637ED00018A4D /* RFMUserModel.m */ = {isa = PBXFileReference; fileEncoding = 4; lastKnownFileType = sourcecode.c.objc; path = RFMUserModel.m; sourceTree = "<group>"; };
		05AAE6FB1996212C00E9ABE5 /* Settings.h */ = {isa = PBXFileReference; lastKnownFileType = sourcecode.c.h; name = Settings.h; path = ../Settings.h; sourceTree = "<group>"; };
		05B605C419A3F6E9008F6706 /* RFMTutorialScreenViewController.xib */ = {isa = PBXFileReference; fileEncoding = 4; lastKnownFileType = file.xib; path = RFMTutorialScreenViewController.xib; sourceTree = "<group>"; };
		05B605C619A3FD9E008F6706 /* RFMRankingViewController.h */ = {isa = PBXFileReference; fileEncoding = 4; lastKnownFileType = sourcecode.c.h; path = RFMRankingViewController.h; sourceTree = "<group>"; };
		05B605C719A3FD9E008F6706 /* RFMRankingViewController.m */ = {isa = PBXFileReference; fileEncoding = 4; lastKnownFileType = sourcecode.c.objc; path = RFMRankingViewController.m; sourceTree = "<group>"; };
		05B605C819A3FD9E008F6706 /* RFMRankingViewController.xib */ = {isa = PBXFileReference; fileEncoding = 4; lastKnownFileType = file.xib; path = RFMRankingViewController.xib; sourceTree = "<group>"; };
		05B605CE19A40763008F6706 /* RFMPlayerModel.h */ = {isa = PBXFileReference; fileEncoding = 4; lastKnownFileType = sourcecode.c.h; path = RFMPlayerModel.h; sourceTree = "<group>"; };
		05B605CF19A40763008F6706 /* RFMPlayerModel.m */ = {isa = PBXFileReference; fileEncoding = 4; lastKnownFileType = sourcecode.c.objc; path = RFMPlayerModel.m; sourceTree = "<group>"; };
		05B605D119A41035008F6706 /* RFMRanking.h */ = {isa = PBXFileReference; fileEncoding = 4; lastKnownFileType = sourcecode.c.h; path = RFMRanking.h; sourceTree = "<group>"; };
		05B605D219A41035008F6706 /* RFMRanking.m */ = {isa = PBXFileReference; fileEncoding = 4; lastKnownFileType = sourcecode.c.objc; path = RFMRanking.m; sourceTree = "<group>"; };
		05B605D419A50FE9008F6706 /* RFMRankingTableViewCell.h */ = {isa = PBXFileReference; fileEncoding = 4; lastKnownFileType = sourcecode.c.h; path = RFMRankingTableViewCell.h; sourceTree = "<group>"; };
		05B605D519A50FE9008F6706 /* RFMRankingTableViewCell.m */ = {isa = PBXFileReference; fileEncoding = 4; lastKnownFileType = sourcecode.c.objc; path = RFMRankingTableViewCell.m; sourceTree = "<group>"; };
		05B605D619A50FE9008F6706 /* RFMRankingTableViewCell.xib */ = {isa = PBXFileReference; fileEncoding = 4; lastKnownFileType = file.xib; path = RFMRankingTableViewCell.xib; sourceTree = "<group>"; };
		05BD9C3A19951E7F003F7A1A /* Ballwelt2.0.app */ = {isa = PBXFileReference; explicitFileType = wrapper.application; includeInIndex = 0; path = Ballwelt2.0.app; sourceTree = BUILT_PRODUCTS_DIR; };
		05BD9C3D19951E7F003F7A1A /* Foundation.framework */ = {isa = PBXFileReference; lastKnownFileType = wrapper.framework; name = Foundation.framework; path = System/Library/Frameworks/Foundation.framework; sourceTree = SDKROOT; };
		05BD9C3F19951E7F003F7A1A /* CoreGraphics.framework */ = {isa = PBXFileReference; lastKnownFileType = wrapper.framework; name = CoreGraphics.framework; path = System/Library/Frameworks/CoreGraphics.framework; sourceTree = SDKROOT; };
		05BD9C4119951E7F003F7A1A /* UIKit.framework */ = {isa = PBXFileReference; lastKnownFileType = wrapper.framework; name = UIKit.framework; path = System/Library/Frameworks/UIKit.framework; sourceTree = SDKROOT; };
		05BD9C4519951E7F003F7A1A /* Ballwelt2.0-Info.plist */ = {isa = PBXFileReference; lastKnownFileType = text.plist.xml; path = "Ballwelt2.0-Info.plist"; sourceTree = "<group>"; };
		05BD9C4719951E7F003F7A1A /* en */ = {isa = PBXFileReference; lastKnownFileType = text.plist.strings; name = en; path = en.lproj/InfoPlist.strings; sourceTree = "<group>"; };
		05BD9C4919951E7F003F7A1A /* main.m */ = {isa = PBXFileReference; lastKnownFileType = sourcecode.c.objc; path = main.m; sourceTree = "<group>"; };
		05BD9C4B19951E7F003F7A1A /* Ballwelt2.0-Prefix.pch */ = {isa = PBXFileReference; lastKnownFileType = sourcecode.c.h; path = "Ballwelt2.0-Prefix.pch"; sourceTree = "<group>"; };
		05BD9C4C19951E7F003F7A1A /* RFMAppDelegate.h */ = {isa = PBXFileReference; lastKnownFileType = sourcecode.c.h; path = RFMAppDelegate.h; sourceTree = "<group>"; };
		05BD9C4D19951E7F003F7A1A /* RFMAppDelegate.m */ = {isa = PBXFileReference; lastKnownFileType = sourcecode.c.objc; path = RFMAppDelegate.m; sourceTree = "<group>"; };
		05BD9C4F19951E7F003F7A1A /* Images.xcassets */ = {isa = PBXFileReference; lastKnownFileType = folder.assetcatalog; path = Images.xcassets; sourceTree = "<group>"; };
		05BD9C5519951E7F003F7A1A /* Ballwelt2.0Tests.xctest */ = {isa = PBXFileReference; explicitFileType = wrapper.cfbundle; includeInIndex = 0; path = Ballwelt2.0Tests.xctest; sourceTree = BUILT_PRODUCTS_DIR; };
		05BD9C5619951E7F003F7A1A /* XCTest.framework */ = {isa = PBXFileReference; lastKnownFileType = wrapper.framework; name = XCTest.framework; path = Library/Frameworks/XCTest.framework; sourceTree = DEVELOPER_DIR; };
		05BD9C5E19951E7F003F7A1A /* Ballwelt2.0Tests-Info.plist */ = {isa = PBXFileReference; lastKnownFileType = text.plist.xml; path = "Ballwelt2.0Tests-Info.plist"; sourceTree = "<group>"; };
		05BD9C6019951E7F003F7A1A /* en */ = {isa = PBXFileReference; lastKnownFileType = text.plist.strings; name = en; path = en.lproj/InfoPlist.strings; sourceTree = "<group>"; };
		05BD9C6219951E7F003F7A1A /* Ballwelt2_0Tests.m */ = {isa = PBXFileReference; lastKnownFileType = sourcecode.c.objc; path = Ballwelt2_0Tests.m; sourceTree = "<group>"; };
		05BD9C6D19951EAA003F7A1A /* RFMGameViewController.h */ = {isa = PBXFileReference; fileEncoding = 4; lastKnownFileType = sourcecode.c.h; path = RFMGameViewController.h; sourceTree = "<group>"; };
		05BD9C6E19951EAA003F7A1A /* RFMGameViewController.m */ = {isa = PBXFileReference; fileEncoding = 4; lastKnownFileType = sourcecode.c.objc; path = RFMGameViewController.m; sourceTree = "<group>"; };
		05BD9C6F19951EAA003F7A1A /* RFMGameViewController.xib */ = {isa = PBXFileReference; fileEncoding = 4; lastKnownFileType = file.xib; path = RFMGameViewController.xib; sourceTree = "<group>"; };
		05BD9C7319951F1F003F7A1A /* RFMBallView.h */ = {isa = PBXFileReference; fileEncoding = 4; lastKnownFileType = sourcecode.c.h; path = RFMBallView.h; sourceTree = "<group>"; };
		05BD9C7419951F1F003F7A1A /* RFMBallView.m */ = {isa = PBXFileReference; fileEncoding = 4; lastKnownFileType = sourcecode.c.objc; path = RFMBallView.m; sourceTree = "<group>"; };
		05C5158F19ADF4A200EA1E35 /* freeze.wav */ = {isa = PBXFileReference; lastKnownFileType = audio.wav; path = freeze.wav; sourceTree = "<group>"; };
		05C5159319ADF61400EA1E35 /* pop9.wav */ = {isa = PBXFileReference; lastKnownFileType = audio.wav; path = pop9.wav; sourceTree = "<group>"; };
		05C5159419ADF61400EA1E35 /* pop8.wav */ = {isa = PBXFileReference; lastKnownFileType = audio.wav; path = pop8.wav; sourceTree = "<group>"; };
		05C5159519ADF61400EA1E35 /* pop7.wav */ = {isa = PBXFileReference; lastKnownFileType = audio.wav; path = pop7.wav; sourceTree = "<group>"; };
		05C5159619ADF61400EA1E35 /* pop6.wav */ = {isa = PBXFileReference; lastKnownFileType = audio.wav; path = pop6.wav; sourceTree = "<group>"; };
		05C5159719ADF61400EA1E35 /* pop5.wav */ = {isa = PBXFileReference; lastKnownFileType = audio.wav; path = pop5.wav; sourceTree = "<group>"; };
		05C5159819ADF61400EA1E35 /* pop4.wav */ = {isa = PBXFileReference; lastKnownFileType = audio.wav; path = pop4.wav; sourceTree = "<group>"; };
		05C5159919ADF61400EA1E35 /* pop2.wav */ = {isa = PBXFileReference; lastKnownFileType = audio.wav; path = pop2.wav; sourceTree = "<group>"; };
		05C5159A19ADF61400EA1E35 /* pop3.wav */ = {isa = PBXFileReference; lastKnownFileType = audio.wav; path = pop3.wav; sourceTree = "<group>"; };
		05C515A319ADF8B200EA1E35 /* pause.wav */ = {isa = PBXFileReference; lastKnownFileType = audio.wav; path = pause.wav; sourceTree = "<group>"; };
		05C515A519ADF9EE00EA1E35 /* destroyAllBalls.wav */ = {isa = PBXFileReference; lastKnownFileType = audio.wav; path = destroyAllBalls.wav; sourceTree = "<group>"; };
		05C515A719AE2E1200EA1E35 /* alertPop.wav */ = {isa = PBXFileReference; lastKnownFileType = audio.wav; path = alertPop.wav; sourceTree = "<group>"; };
		05C515A919AE2F9E00EA1E35 /* tutorialPage.wav */ = {isa = PBXFileReference; lastKnownFileType = audio.wav; path = tutorialPage.wav; sourceTree = "<group>"; };
		05C515AB19AE310D00EA1E35 /* closeView.wav */ = {isa = PBXFileReference; lastKnownFileType = audio.wav; path = closeView.wav; sourceTree = "<group>"; };
		05C515AD19AE347E00EA1E35 /* backGroundMainMenu.png */ = {isa = PBXFileReference; lastKnownFileType = image.png; path = backGroundMainMenu.png; sourceTree = "<group>"; };
		05C515AF19AE369900EA1E35 /* pop13.wav */ = {isa = PBXFileReference; lastKnownFileType = audio.wav; path = pop13.wav; sourceTree = "<group>"; };
		05C515B019AE369900EA1E35 /* pop12.wav */ = {isa = PBXFileReference; lastKnownFileType = audio.wav; path = pop12.wav; sourceTree = "<group>"; };
		05C515B119AE369900EA1E35 /* pop11.wav */ = {isa = PBXFileReference; lastKnownFileType = audio.wav; path = pop11.wav; sourceTree = "<group>"; };
		05C515B219AE369900EA1E35 /* pop10.wav */ = {isa = PBXFileReference; lastKnownFileType = audio.wav; path = pop10.wav; sourceTree = "<group>"; };
		05C946C019A7531D0022E298 /* menuSelection.wav */ = {isa = PBXFileReference; lastKnownFileType = audio.wav; path = menuSelection.wav; sourceTree = "<group>"; };
		05EE96A219ACBE4F00F2BE24 /* go.wav */ = {isa = PBXFileReference; lastKnownFileType = audio.wav; path = go.wav; sourceTree = "<group>"; };
		05EE96A619ACD89800F2BE24 /* slow.wav */ = {isa = PBXFileReference; lastKnownFileType = audio.wav; path = slow.wav; sourceTree = "<group>"; };
		05EE96A919ADCEA400F2BE24 /* countdown.wav */ = {isa = PBXFileReference; lastKnownFileType = audio.wav; path = countdown.wav; sourceTree = "<group>"; };
		05EE96AC19ADD16800F2BE24 /* gameover.mp3 */ = {isa = PBXFileReference; lastKnownFileType = audio.mp3; path = gameover.mp3; sourceTree = "<group>"; };
/* End PBXFileReference section */

/* Begin PBXFrameworksBuildPhase section */
		05BD9C3719951E7F003F7A1A /* Frameworks */ = {
			isa = PBXFrameworksBuildPhase;
			buildActionMask = 2147483647;
			files = (
				05370122199AF5C20000B655 /* iAd.framework in Frameworks */,
				05BD9C4019951E7F003F7A1A /* CoreGraphics.framework in Frameworks */,
				05BD9C4219951E7F003F7A1A /* UIKit.framework in Frameworks */,
				05BD9C3E19951E7F003F7A1A /* Foundation.framework in Frameworks */,
			);
			runOnlyForDeploymentPostprocessing = 0;
		};
		05BD9C5219951E7F003F7A1A /* Frameworks */ = {
			isa = PBXFrameworksBuildPhase;
			buildActionMask = 2147483647;
			files = (
				05BD9C5719951E7F003F7A1A /* XCTest.framework in Frameworks */,
				05BD9C5919951E7F003F7A1A /* UIKit.framework in Frameworks */,
				05BD9C5819951E7F003F7A1A /* Foundation.framework in Frameworks */,
			);
			runOnlyForDeploymentPostprocessing = 0;
		};
/* End PBXFrameworksBuildPhase section */

/* Begin PBXGroup section */
		05370118199AAC3E0000B655 /* Artwork */ = {
			isa = PBXGroup;
			children = (
				0579E06019A392570000A640 /* Tutorial */,
				058D8EB6199E21D5006CB9B3 /* Power ups */,
				0537011B199ADEC00000B655 /* Social Networks Icons */,
				05370119199AAC730000B655 /* Ballwelt.png */,
				05C515AD19AE347E00EA1E35 /* backGroundMainMenu.png */,
				0566239F199BCDD80020B35C /* backGroundPlayScreen.png */,
			);
			path = Artwork;
			sourceTree = "<group>";
		};
		0537011B199ADEC00000B655 /* Social Networks Icons */ = {
			isa = PBXGroup;
			children = (
				0537011C199ADED90000B655 /* facebook_logo.png */,
				0537011D199ADED90000B655 /* twitter_logo.png */,
			);
			name = "Social Networks Icons";
			sourceTree = "<group>";
		};
		053BCDFB199937A800E2631E /* Time Bars */ = {
			isa = PBXGroup;
			children = (
				053BCDEF1998B0A200E2631E /* RFMTimeBarView.h */,
				053BCDF01998B0A200E2631E /* RFMTimeBarView.m */,
				053BCDF51999305500E2631E /* RFMGameTimeBarView.h */,
				053BCDF61999305500E2631E /* RFMGameTimeBarView.m */,
				053BCDF8199930F000E2631E /* RFMNewBallTimeBarView.h */,
				053BCDF9199930F000E2631E /* RFMNewBallTimeBarView.m */,
			);
			name = "Time Bars";
			sourceTree = "<group>";
		};
		053BCE051999804800E2631E /* Resources */ = {
			isa = PBXGroup;
			children = (
				05C946C419A755480022E298 /* Sounds */,
				05370118199AAC3E0000B655 /* Artwork */,
			);
			name = Resources;
			sourceTree = "<group>";
		};
		054B94F819A021A100741887 /* Tutorial */ = {
			isa = PBXGroup;
			children = (
				054B94F919A0228900741887 /* RFMTutorialViewController.h */,
				054B94FA19A0228900741887 /* RFMTutorialViewController.m */,
				054B94F319A0213A00741887 /* RFMTutorialScreenViewController.h */,
				054B94F419A0213A00741887 /* RFMTutorialScreenViewController.m */,
				05B605C419A3F6E9008F6706 /* RFMTutorialScreenViewController.xib */,
			);
			name = Tutorial;
			sourceTree = "<group>";
		};
		0579E06019A392570000A640 /* Tutorial */ = {
			isa = PBXGroup;
			children = (
				0579E06119A392620000A640 /* tutorial1.png */,
				0579E06219A392620000A640 /* tutorial2.png */,
				0579E06319A392620000A640 /* tutorial3.png */,
				0579E06419A392620000A640 /* tutorial4.png */,
				0579E06519A392620000A640 /* tutorial5.png */,
				0579E06619A392620000A640 /* tutorial6.png */,
			);
			name = Tutorial;
			sourceTree = "<group>";
		};
		0579E07019A394770000A640 /* Tutorial */ = {
			isa = PBXGroup;
			children = (
				0579E05D19A3887E0000A640 /* RFMTutorialScreenModel.h */,
				0579E05E19A3887E0000A640 /* RFMTutorialScreenModel.m */,
				0579E06D19A394710000A640 /* RFMTutorialModel.h */,
				0579E06E19A394710000A640 /* RFMTutorialModel.m */,
			);
			name = Tutorial;
			sourceTree = "<group>";
		};
		05845DD219B0702E00919CEE /* Utils */ = {
			isa = PBXGroup;
			children = (
				05AAE6FB1996212C00E9ABE5 /* Settings.h */,
				053BCDFC1999586B00E2631E /* RFMSystemSounds.h */,
				053BCDFD1999586B00E2631E /* RFMSystemSounds.m */,
			);
			name = Utils;
			sourceTree = "<group>";
		};
		058D8EB6199E21D5006CB9B3 /* Power ups */ = {
			isa = PBXGroup;
			children = (
				058D8EB0199E21C5006CB9B3 /* power1.png */,
				058D8EB1199E21C5006CB9B3 /* power2.png */,
				058D8EB2199E21C5006CB9B3 /* power3.png */,
			);
			name = "Power ups";
			sourceTree = "<group>";
		};
		05AA5B40199CC44200ACED98 /* Models */ = {
			isa = PBXGroup;
			children = (
				05AA5B41199CC45700ACED98 /* RFMGameModel.h */,
				05AA5B42199CC45700ACED98 /* RFMGameModel.m */,
				0579E07019A394770000A640 /* Tutorial */,
				05AAA07619A6380700018A4D /* Ranking */,
				05AAA07319A637ED00018A4D /* RFMUserModel.h */,
				05AAA07419A637ED00018A4D /* RFMUserModel.m */,
			);
			name = Models;
			sourceTree = "<group>";
		};
		05AAA07619A6380700018A4D /* Ranking */ = {
			isa = PBXGroup;
			children = (
				05B605CE19A40763008F6706 /* RFMPlayerModel.h */,
				05B605CF19A40763008F6706 /* RFMPlayerModel.m */,
				05B605D119A41035008F6706 /* RFMRanking.h */,
				05B605D219A41035008F6706 /* RFMRanking.m */,
			);
			name = Ranking;
			sourceTree = "<group>";
		};
		05BD9C3119951E7F003F7A1A = {
			isa = PBXGroup;
			children = (
				05BD9C4319951E7F003F7A1A /* Ballwelt2.0 */,
				05BD9C5C19951E7F003F7A1A /* Ballwelt2.0Tests */,
				05BD9C3C19951E7F003F7A1A /* Frameworks */,
				05BD9C3B19951E7F003F7A1A /* Products */,
			);
			sourceTree = "<group>";
		};
		05BD9C3B19951E7F003F7A1A /* Products */ = {
			isa = PBXGroup;
			children = (
				05BD9C3A19951E7F003F7A1A /* Ballwelt2.0.app */,
				05BD9C5519951E7F003F7A1A /* Ballwelt2.0Tests.xctest */,
			);
			name = Products;
			sourceTree = "<group>";
		};
		05BD9C3C19951E7F003F7A1A /* Frameworks */ = {
			isa = PBXGroup;
			children = (
				05370120199AEC950000B655 /* iAd.framework */,
				05BD9C3D19951E7F003F7A1A /* Foundation.framework */,
				05BD9C3F19951E7F003F7A1A /* CoreGraphics.framework */,
				05BD9C4119951E7F003F7A1A /* UIKit.framework */,
				05BD9C5619951E7F003F7A1A /* XCTest.framework */,
			);
			name = Frameworks;
			sourceTree = "<group>";
		};
		05BD9C4319951E7F003F7A1A /* Ballwelt2.0 */ = {
			isa = PBXGroup;
			children = (
				053BCE051999804800E2631E /* Resources */,
				05BD9C4C19951E7F003F7A1A /* RFMAppDelegate.h */,
				05BD9C4D19951E7F003F7A1A /* RFMAppDelegate.m */,
				05845DD219B0702E00919CEE /* Utils */,
				05AA5B40199CC44200ACED98 /* Models */,
				05BD9C7219951F10003F7A1A /* Views */,
				05BD9C6C19951E88003F7A1A /* Controllers */,
				05BD9C4F19951E7F003F7A1A /* Images.xcassets */,
				05BD9C4419951E7F003F7A1A /* Supporting Files */,
			);
			path = Ballwelt2.0;
			sourceTree = "<group>";
		};
		05BD9C4419951E7F003F7A1A /* Supporting Files */ = {
			isa = PBXGroup;
			children = (
				05AAA07119A635FA00018A4D /* userData.plist */,
				05BD9C4519951E7F003F7A1A /* Ballwelt2.0-Info.plist */,
				05BD9C4619951E7F003F7A1A /* InfoPlist.strings */,
				05BD9C4919951E7F003F7A1A /* main.m */,
				05BD9C4B19951E7F003F7A1A /* Ballwelt2.0-Prefix.pch */,
				0579E07419A3A4E30000A640 /* Localizable.strings */,
			);
			name = "Supporting Files";
			sourceTree = "<group>";
		};
		05BD9C5C19951E7F003F7A1A /* Ballwelt2.0Tests */ = {
			isa = PBXGroup;
			children = (
				05BD9C6219951E7F003F7A1A /* Ballwelt2_0Tests.m */,
				05BD9C5D19951E7F003F7A1A /* Supporting Files */,
			);
			path = Ballwelt2.0Tests;
			sourceTree = "<group>";
		};
		05BD9C5D19951E7F003F7A1A /* Supporting Files */ = {
			isa = PBXGroup;
			children = (
				05BD9C5E19951E7F003F7A1A /* Ballwelt2.0Tests-Info.plist */,
				05BD9C5F19951E7F003F7A1A /* InfoPlist.strings */,
			);
			name = "Supporting Files";
			sourceTree = "<group>";
		};
		05BD9C6C19951E88003F7A1A /* Controllers */ = {
			isa = PBXGroup;
			children = (
				05370113199A993C0000B655 /* RFMMainMenuViewController.h */,
				05370114199A993C0000B655 /* RFMMainMenuViewController.m */,
				05370115199A993C0000B655 /* RFMMainMenuViewController.xib */,
				05BD9C6D19951EAA003F7A1A /* RFMGameViewController.h */,
				05BD9C6E19951EAA003F7A1A /* RFMGameViewController.m */,
				05BD9C6F19951EAA003F7A1A /* RFMGameViewController.xib */,
				053BCE061999807D00E2631E /* RFMPauseMenuViewController.h */,
				053BCE071999807D00E2631E /* RFMPauseMenuViewController.m */,
				053BCE081999807D00E2631E /* RFMPauseMenuViewController.xib */,
				05B605C619A3FD9E008F6706 /* RFMRankingViewController.h */,
				05B605C719A3FD9E008F6706 /* RFMRankingViewController.m */,
				05B605C819A3FD9E008F6706 /* RFMRankingViewController.xib */,
				054B94F819A021A100741887 /* Tutorial */,
			);
			name = Controllers;
			sourceTree = "<group>";
		};
		05BD9C7219951F10003F7A1A /* Views */ = {
			isa = PBXGroup;
			children = (
				05BD9C7319951F1F003F7A1A /* RFMBallView.h */,
				05BD9C7419951F1F003F7A1A /* RFMBallView.m */,
				05AA5B44199D990F00ACED98 /* RFMAnimatedLabel.h */,
				05AA5B45199D990F00ACED98 /* RFMAnimatedLabel.m */,
				058D8EAD199E0775006CB9B3 /* RFMPowerupView.h */,
				058D8EAE199E0775006CB9B3 /* RFMPowerupView.m */,
				053BCDFB199937A800E2631E /* Time Bars */,
				05B605D419A50FE9008F6706 /* RFMRankingTableViewCell.h */,
				05B605D519A50FE9008F6706 /* RFMRankingTableViewCell.m */,
				05B605D619A50FE9008F6706 /* RFMRankingTableViewCell.xib */,
				054F711E19AF2FFE0040F043 /* RFMButtonView.h */,
				054F711F19AF2FFE0040F043 /* RFMButtonView.m */,
			);
			name = Views;
			sourceTree = "<group>";
		};
		05C5159119ADF4A800EA1E35 /* powerups */ = {
			isa = PBXGroup;
			children = (
				05C515A519ADF9EE00EA1E35 /* destroyAllBalls.wav */,
				05EE96A619ACD89800F2BE24 /* slow.wav */,
				05C5158F19ADF4A200EA1E35 /* freeze.wav */,
			);
			name = powerups;
			sourceTree = "<group>";
		};
		05C5159219ADF57200EA1E35 /* right Ball */ = {
			isa = PBXGroup;
			children = (
				05C515AF19AE369900EA1E35 /* pop13.wav */,
				05C515B019AE369900EA1E35 /* pop12.wav */,
				05C515B119AE369900EA1E35 /* pop11.wav */,
				05C515B219AE369900EA1E35 /* pop10.wav */,
				05C5159319ADF61400EA1E35 /* pop9.wav */,
				05C5159419ADF61400EA1E35 /* pop8.wav */,
				05C5159519ADF61400EA1E35 /* pop7.wav */,
				05C5159619ADF61400EA1E35 /* pop6.wav */,
				05C5159719ADF61400EA1E35 /* pop5.wav */,
				05C5159819ADF61400EA1E35 /* pop4.wav */,
				05C5159919ADF61400EA1E35 /* pop2.wav */,
				05C5159A19ADF61400EA1E35 /* pop3.wav */,
				053BCE031999663D00E2631E /* pop1.wav */,
			);
			name = "right Ball";
			sourceTree = "<group>";
		};
		05C946C419A755480022E298 /* Sounds */ = {
			isa = PBXGroup;
			children = (
				05C515A919AE2F9E00EA1E35 /* tutorialPage.wav */,
				05C515A719AE2E1200EA1E35 /* alertPop.wav */,
				05C515A319ADF8B200EA1E35 /* pause.wav */,
				05EE96AC19ADD16800F2BE24 /* gameover.mp3 */,
				05EE96A219ACBE4F00F2BE24 /* go.wav */,
				05EE96A919ADCEA400F2BE24 /* countdown.wav */,
				05C515AB19AE310D00EA1E35 /* closeView.wav */,
				05C946C019A7531D0022E298 /* menuSelection.wav */,
				05C5159119ADF4A800EA1E35 /* powerups */,
				05C5159219ADF57200EA1E35 /* right Ball */,
				053BCE0119995C4700E2631E /* wrongBall.wav */,
			);
			name = Sounds;
			sourceTree = "<group>";
		};
/* End PBXGroup section */

/* Begin PBXNativeTarget section */
		05BD9C3919951E7F003F7A1A /* Ballwelt2.0 */ = {
			isa = PBXNativeTarget;
			buildConfigurationList = 05BD9C6619951E7F003F7A1A /* Build configuration list for PBXNativeTarget "Ballwelt2.0" */;
			buildPhases = (
				05BD9C3619951E7F003F7A1A /* Sources */,
				05BD9C3719951E7F003F7A1A /* Frameworks */,
				05BD9C3819951E7F003F7A1A /* Resources */,
			);
			buildRules = (
			);
			dependencies = (
			);
			name = Ballwelt2.0;
			productName = Ballwelt2.0;
			productReference = 05BD9C3A19951E7F003F7A1A /* Ballwelt2.0.app */;
			productType = "com.apple.product-type.application";
		};
		05BD9C5419951E7F003F7A1A /* Ballwelt2.0Tests */ = {
			isa = PBXNativeTarget;
			buildConfigurationList = 05BD9C6919951E7F003F7A1A /* Build configuration list for PBXNativeTarget "Ballwelt2.0Tests" */;
			buildPhases = (
				05BD9C5119951E7F003F7A1A /* Sources */,
				05BD9C5219951E7F003F7A1A /* Frameworks */,
				05BD9C5319951E7F003F7A1A /* Resources */,
			);
			buildRules = (
			);
			dependencies = (
				05BD9C5B19951E7F003F7A1A /* PBXTargetDependency */,
			);
			name = Ballwelt2.0Tests;
			productName = Ballwelt2.0Tests;
			productReference = 05BD9C5519951E7F003F7A1A /* Ballwelt2.0Tests.xctest */;
			productType = "com.apple.product-type.bundle.unit-test";
		};
/* End PBXNativeTarget section */

/* Begin PBXProject section */
		05BD9C3219951E7F003F7A1A /* Project object */ = {
			isa = PBXProject;
			attributes = {
				CLASSPREFIX = RFM;
				LastUpgradeCheck = 0510;
				ORGANIZATIONNAME = "Rafa Ferrero";
				TargetAttributes = {
					05BD9C5419951E7F003F7A1A = {
						TestTargetID = 05BD9C3919951E7F003F7A1A;
					};
				};
			};
			buildConfigurationList = 05BD9C3519951E7F003F7A1A /* Build configuration list for PBXProject "Ballwelt2.0" */;
			compatibilityVersion = "Xcode 3.2";
			developmentRegion = English;
			hasScannedForEncodings = 0;
			knownRegions = (
				en,
			);
			mainGroup = 05BD9C3119951E7F003F7A1A;
			productRefGroup = 05BD9C3B19951E7F003F7A1A /* Products */;
			projectDirPath = "";
			projectRoot = "";
			targets = (
				05BD9C3919951E7F003F7A1A /* Ballwelt2.0 */,
				05BD9C5419951E7F003F7A1A /* Ballwelt2.0Tests */,
			);
		};
/* End PBXProject section */

/* Begin PBXResourcesBuildPhase section */
		05BD9C3819951E7F003F7A1A /* Resources */ = {
			isa = PBXResourcesBuildPhase;
			buildActionMask = 2147483647;
			files = (
				0579E06C19A392620000A640 /* tutorial6.png in Resources */,
				05370117199A993C0000B655 /* RFMMainMenuViewController.xib in Resources */,
				0579E06A19A392620000A640 /* tutorial4.png in Resources */,
				05C5159B19ADF61400EA1E35 /* pop9.wav in Resources */,
				05C515A119ADF61400EA1E35 /* pop2.wav in Resources */,
				05C515AA19AE2F9E00EA1E35 /* tutorialPage.wav in Resources */,
				0537011E199ADEDA0000B655 /* facebook_logo.png in Resources */,
				05C5159D19ADF61400EA1E35 /* pop7.wav in Resources */,
				05C5159E19ADF61400EA1E35 /* pop6.wav in Resources */,
				05EE96AD19ADD16800F2BE24 /* gameover.mp3 in Resources */,
				05C515AC19AE310D00EA1E35 /* closeView.wav in Resources */,
				0537011F199ADEDA0000B655 /* twitter_logo.png in Resources */,
				05C5159F19ADF61400EA1E35 /* pop5.wav in Resources */,
				05AAA07219A635FA00018A4D /* userData.plist in Resources */,
				05C515A819AE2E1200EA1E35 /* alertPop.wav in Resources */,
				058D8EB5199E21C5006CB9B3 /* power3.png in Resources */,
				0579E06719A392620000A640 /* tutorial1.png in Resources */,
				05BD9C7119951EAA003F7A1A /* RFMGameViewController.xib in Resources */,
				053BCE0219995C4700E2631E /* wrongBall.wav in Resources */,
				05EE96A719ACD89800F2BE24 /* slow.wav in Resources */,
				053BCE041999663D00E2631E /* pop1.wav in Resources */,
				05C515A019ADF61400EA1E35 /* pop4.wav in Resources */,
				05BD9C4819951E7F003F7A1A /* InfoPlist.strings in Resources */,
				05C5159019ADF4A200EA1E35 /* freeze.wav in Resources */,
				05BD9C5019951E7F003F7A1A /* Images.xcassets in Resources */,
				05EE96A319ACBE4F00F2BE24 /* go.wav in Resources */,
				0579E07519A3A4E30000A640 /* Localizable.strings in Resources */,
				05C515A619ADF9EE00EA1E35 /* destroyAllBalls.wav in Resources */,
				05C5159C19ADF61400EA1E35 /* pop8.wav in Resources */,
				056623A0199BCDD80020B35C /* backGroundPlayScreen.png in Resources */,
				05B605D819A50FE9008F6706 /* RFMRankingTableViewCell.xib in Resources */,
				05B605C519A3F6E9008F6706 /* RFMTutorialScreenViewController.xib in Resources */,
				05C515A419ADF8B200EA1E35 /* pause.wav in Resources */,
				05C515AE19AE347E00EA1E35 /* backGroundMainMenu.png in Resources */,
				0579E06B19A392620000A640 /* tutorial5.png in Resources */,
				0579E06819A392620000A640 /* tutorial2.png in Resources */,
				05C515B319AE369900EA1E35 /* pop13.wav in Resources */,
				058D8EB4199E21C5006CB9B3 /* power2.png in Resources */,
				05C515B519AE369900EA1E35 /* pop11.wav in Resources */,
				05C946C119A7531D0022E298 /* menuSelection.wav in Resources */,
				0537011A199AAC730000B655 /* Ballwelt.png in Resources */,
				05C515B419AE369900EA1E35 /* pop12.wav in Resources */,
				05C515A219ADF61400EA1E35 /* pop3.wav in Resources */,
				0579E06919A392620000A640 /* tutorial3.png in Resources */,
				053BCE0A1999807D00E2631E /* RFMPauseMenuViewController.xib in Resources */,
				05B605CA19A3FD9E008F6706 /* RFMRankingViewController.xib in Resources */,
				05EE96AB19ADCEA400F2BE24 /* countdown.wav in Resources */,
				058D8EB3199E21C5006CB9B3 /* power1.png in Resources */,
				05C515B619AE369900EA1E35 /* pop10.wav in Resources */,
			);
			runOnlyForDeploymentPostprocessing = 0;
		};
		05BD9C5319951E7F003F7A1A /* Resources */ = {
			isa = PBXResourcesBuildPhase;
			buildActionMask = 2147483647;
			files = (
				05BD9C6119951E7F003F7A1A /* InfoPlist.strings in Resources */,
			);
			runOnlyForDeploymentPostprocessing = 0;
		};
/* End PBXResourcesBuildPhase section */

/* Begin PBXSourcesBuildPhase section */
		05BD9C3619951E7F003F7A1A /* Sources */ = {
			isa = PBXSourcesBuildPhase;
			buildActionMask = 2147483647;
			files = (
				05BD9C7519951F1F003F7A1A /* RFMBallView.m in Sources */,
				05AA5B46199D990F00ACED98 /* RFMAnimatedLabel.m in Sources */,
				05B605D319A41035008F6706 /* RFMRanking.m in Sources */,
				05B605D019A40763008F6706 /* RFMPlayerModel.m in Sources */,
				05AAA07519A637ED00018A4D /* RFMUserModel.m in Sources */,
				05BD9C4E19951E7F003F7A1A /* RFMAppDelegate.m in Sources */,
				05B605C919A3FD9E008F6706 /* RFMRankingViewController.m in Sources */,
				053BCDFE1999586B00E2631E /* RFMSystemSounds.m in Sources */,
				053BCE091999807D00E2631E /* RFMPauseMenuViewController.m in Sources */,
				05BD9C7019951EAA003F7A1A /* RFMGameViewController.m in Sources */,
				0579E06F19A394710000A640 /* RFMTutorialModel.m in Sources */,
				053BCDF11998B0A200E2631E /* RFMTimeBarView.m in Sources */,
				0579E05F19A3887E0000A640 /* RFMTutorialScreenModel.m in Sources */,
				054B94FB19A0228900741887 /* RFMTutorialViewController.m in Sources */,
				05370116199A993C0000B655 /* RFMMainMenuViewController.m in Sources */,
				05AA5B43199CC45700ACED98 /* RFMGameModel.m in Sources */,
				05B605D719A50FE9008F6706 /* RFMRankingTableViewCell.m in Sources */,
				054F712019AF2FFE0040F043 /* RFMButtonView.m in Sources */,
				05BD9C4A19951E7F003F7A1A /* main.m in Sources */,
				053BCDF71999305500E2631E /* RFMGameTimeBarView.m in Sources */,
				053BCDFA199930F000E2631E /* RFMNewBallTimeBarView.m in Sources */,
				054B94F619A0213A00741887 /* RFMTutorialScreenViewController.m in Sources */,
				058D8EAF199E0775006CB9B3 /* RFMPowerupView.m in Sources */,
			);
			runOnlyForDeploymentPostprocessing = 0;
		};
		05BD9C5119951E7F003F7A1A /* Sources */ = {
			isa = PBXSourcesBuildPhase;
			buildActionMask = 2147483647;
			files = (
				05BD9C6319951E7F003F7A1A /* Ballwelt2_0Tests.m in Sources */,
			);
			runOnlyForDeploymentPostprocessing = 0;
		};
/* End PBXSourcesBuildPhase section */

/* Begin PBXTargetDependency section */
		05BD9C5B19951E7F003F7A1A /* PBXTargetDependency */ = {
			isa = PBXTargetDependency;
			target = 05BD9C3919951E7F003F7A1A /* Ballwelt2.0 */;
			targetProxy = 05BD9C5A19951E7F003F7A1A /* PBXContainerItemProxy */;
		};
/* End PBXTargetDependency section */

/* Begin PBXVariantGroup section */
		05BD9C4619951E7F003F7A1A /* InfoPlist.strings */ = {
			isa = PBXVariantGroup;
			children = (
				05BD9C4719951E7F003F7A1A /* en */,
			);
			name = InfoPlist.strings;
			sourceTree = "<group>";
		};
		05BD9C5F19951E7F003F7A1A /* InfoPlist.strings */ = {
			isa = PBXVariantGroup;
			children = (
				05BD9C6019951E7F003F7A1A /* en */,
			);
			name = InfoPlist.strings;
			sourceTree = "<group>";
		};
/* End PBXVariantGroup section */

/* Begin XCBuildConfiguration section */
		05BD9C6419951E7F003F7A1A /* Debug */ = {
			isa = XCBuildConfiguration;
			buildSettings = {
				ALWAYS_SEARCH_USER_PATHS = NO;
				CLANG_CXX_LANGUAGE_STANDARD = "gnu++0x";
				CLANG_CXX_LIBRARY = "libc++";
				CLANG_ENABLE_MODULES = YES;
				CLANG_ENABLE_OBJC_ARC = YES;
				CLANG_WARN_BOOL_CONVERSION = YES;
				CLANG_WARN_CONSTANT_CONVERSION = YES;
				CLANG_WARN_DIRECT_OBJC_ISA_USAGE = YES_ERROR;
				CLANG_WARN_EMPTY_BODY = YES;
				CLANG_WARN_ENUM_CONVERSION = YES;
				CLANG_WARN_INT_CONVERSION = YES;
				CLANG_WARN_OBJC_ROOT_CLASS = YES_ERROR;
				CLANG_WARN__DUPLICATE_METHOD_MATCH = YES;
				"CODE_SIGN_IDENTITY[sdk=iphoneos*]" = "iPhone Developer";
				COPY_PHASE_STRIP = NO;
				GCC_C_LANGUAGE_STANDARD = gnu99;
				GCC_DYNAMIC_NO_PIC = NO;
				GCC_OPTIMIZATION_LEVEL = 0;
				GCC_PREPROCESSOR_DEFINITIONS = (
					"DEBUG=1",
					"$(inherited)",
				);
				GCC_SYMBOLS_PRIVATE_EXTERN = NO;
				GCC_WARN_64_TO_32_BIT_CONVERSION = YES;
				GCC_WARN_ABOUT_RETURN_TYPE = YES_ERROR;
				GCC_WARN_UNDECLARED_SELECTOR = YES;
				GCC_WARN_UNINITIALIZED_AUTOS = YES_AGGRESSIVE;
				GCC_WARN_UNUSED_FUNCTION = YES;
				GCC_WARN_UNUSED_VARIABLE = YES;
				IPHONEOS_DEPLOYMENT_TARGET = 7.1;
				ONLY_ACTIVE_ARCH = YES;
				SDKROOT = iphoneos;
			};
			name = Debug;
		};
		05BD9C6519951E7F003F7A1A /* Release */ = {
			isa = XCBuildConfiguration;
			buildSettings = {
				ALWAYS_SEARCH_USER_PATHS = NO;
				CLANG_CXX_LANGUAGE_STANDARD = "gnu++0x";
				CLANG_CXX_LIBRARY = "libc++";
				CLANG_ENABLE_MODULES = YES;
				CLANG_ENABLE_OBJC_ARC = YES;
				CLANG_WARN_BOOL_CONVERSION = YES;
				CLANG_WARN_CONSTANT_CONVERSION = YES;
				CLANG_WARN_DIRECT_OBJC_ISA_USAGE = YES_ERROR;
				CLANG_WARN_EMPTY_BODY = YES;
				CLANG_WARN_ENUM_CONVERSION = YES;
				CLANG_WARN_INT_CONVERSION = YES;
				CLANG_WARN_OBJC_ROOT_CLASS = YES_ERROR;
				CLANG_WARN__DUPLICATE_METHOD_MATCH = YES;
				"CODE_SIGN_IDENTITY[sdk=iphoneos*]" = "iPhone Developer";
				COPY_PHASE_STRIP = YES;
				ENABLE_NS_ASSERTIONS = NO;
				GCC_C_LANGUAGE_STANDARD = gnu99;
				GCC_WARN_64_TO_32_BIT_CONVERSION = YES;
				GCC_WARN_ABOUT_RETURN_TYPE = YES_ERROR;
				GCC_WARN_UNDECLARED_SELECTOR = YES;
				GCC_WARN_UNINITIALIZED_AUTOS = YES_AGGRESSIVE;
				GCC_WARN_UNUSED_FUNCTION = YES;
				GCC_WARN_UNUSED_VARIABLE = YES;
				IPHONEOS_DEPLOYMENT_TARGET = 7.1;
				SDKROOT = iphoneos;
				VALIDATE_PRODUCT = YES;
			};
			name = Release;
		};
		05BD9C6719951E7F003F7A1A /* Debug */ = {
			isa = XCBuildConfiguration;
			buildSettings = {
				ASSETCATALOG_COMPILER_APPICON_NAME = AppIcon;
				ASSETCATALOG_COMPILER_LAUNCHIMAGE_NAME = LaunchImage;
				GCC_PRECOMPILE_PREFIX_HEADER = YES;
				GCC_PREFIX_HEADER = "Ballwelt2.0/Ballwelt2.0-Prefix.pch";
				INFOPLIST_FILE = "Ballwelt2.0/Ballwelt2.0-Info.plist";
				PRODUCT_NAME = "$(TARGET_NAME)";
				WRAPPER_EXTENSION = app;
			};
			name = Debug;
		};
		05BD9C6819951E7F003F7A1A /* Release */ = {
			isa = XCBuildConfiguration;
			buildSettings = {
				ASSETCATALOG_COMPILER_APPICON_NAME = AppIcon;
				ASSETCATALOG_COMPILER_LAUNCHIMAGE_NAME = LaunchImage;
				GCC_PRECOMPILE_PREFIX_HEADER = YES;
				GCC_PREFIX_HEADER = "Ballwelt2.0/Ballwelt2.0-Prefix.pch";
				INFOPLIST_FILE = "Ballwelt2.0/Ballwelt2.0-Info.plist";
				PRODUCT_NAME = "$(TARGET_NAME)";
				WRAPPER_EXTENSION = app;
			};
			name = Release;
		};
		05BD9C6A19951E7F003F7A1A /* Debug */ = {
			isa = XCBuildConfiguration;
			buildSettings = {
				BUNDLE_LOADER = "$(BUILT_PRODUCTS_DIR)/Ballwelt2.0.app/Ballwelt2.0";
				FRAMEWORK_SEARCH_PATHS = (
					"$(SDKROOT)/Developer/Library/Frameworks",
					"$(inherited)",
					"$(DEVELOPER_FRAMEWORKS_DIR)",
				);
				GCC_PRECOMPILE_PREFIX_HEADER = YES;
				GCC_PREFIX_HEADER = "Ballwelt2.0/Ballwelt2.0-Prefix.pch";
				GCC_PREPROCESSOR_DEFINITIONS = (
					"DEBUG=1",
					"$(inherited)",
				);
				INFOPLIST_FILE = "Ballwelt2.0Tests/Ballwelt2.0Tests-Info.plist";
				PRODUCT_NAME = "$(TARGET_NAME)";
				TEST_HOST = "$(BUNDLE_LOADER)";
				WRAPPER_EXTENSION = xctest;
			};
			name = Debug;
		};
		05BD9C6B19951E7F003F7A1A /* Release */ = {
			isa = XCBuildConfiguration;
			buildSettings = {
				BUNDLE_LOADER = "$(BUILT_PRODUCTS_DIR)/Ballwelt2.0.app/Ballwelt2.0";
				FRAMEWORK_SEARCH_PATHS = (
					"$(SDKROOT)/Developer/Library/Frameworks",
					"$(inherited)",
					"$(DEVELOPER_FRAMEWORKS_DIR)",
				);
				GCC_PRECOMPILE_PREFIX_HEADER = YES;
				GCC_PREFIX_HEADER = "Ballwelt2.0/Ballwelt2.0-Prefix.pch";
				INFOPLIST_FILE = "Ballwelt2.0Tests/Ballwelt2.0Tests-Info.plist";
				PRODUCT_NAME = "$(TARGET_NAME)";
				TEST_HOST = "$(BUNDLE_LOADER)";
				WRAPPER_EXTENSION = xctest;
			};
			name = Release;
		};
/* End XCBuildConfiguration section */

/* Begin XCConfigurationList section */
		05BD9C3519951E7F003F7A1A /* Build configuration list for PBXProject "Ballwelt2.0" */ = {
			isa = XCConfigurationList;
			buildConfigurations = (
				05BD9C6419951E7F003F7A1A /* Debug */,
				05BD9C6519951E7F003F7A1A /* Release */,
			);
			defaultConfigurationIsVisible = 0;
			defaultConfigurationName = Release;
		};
		05BD9C6619951E7F003F7A1A /* Build configuration list for PBXNativeTarget "Ballwelt2.0" */ = {
			isa = XCConfigurationList;
			buildConfigurations = (
				05BD9C6719951E7F003F7A1A /* Debug */,
				05BD9C6819951E7F003F7A1A /* Release */,
			);
			defaultConfigurationIsVisible = 0;
			defaultConfigurationName = Release;
		};
		05BD9C6919951E7F003F7A1A /* Build configuration list for PBXNativeTarget "Ballwelt2.0Tests" */ = {
			isa = XCConfigurationList;
			buildConfigurations = (
				05BD9C6A19951E7F003F7A1A /* Debug */,
				05BD9C6B19951E7F003F7A1A /* Release */,
			);
			defaultConfigurationIsVisible = 0;
			defaultConfigurationName = Release;
		};
/* End XCConfigurationList section */
	};
	rootObject = 05BD9C3219951E7F003F7A1A /* Project object */;
}
